
Microsoft Visual Studio Solution File, Format Version 12.00
# Visual Studio Version 16
VisualStudioVersion = 16.0.29609.76
MinimumVisualStudioVersion = 15.0.26124.0
Project("{2150E333-8FDC-42A3-9474-1A3956D46DE8}") = "Headers-BackgroundService", "Headers-BackgroundService", "{A2A93708-45C6-42FE-B875-C5E5554DCE30}"
EndProject
Project("{9A19103F-16F7-4668-BE54-9A1E7A4F7556}") = "MateusViegas.Net.RabbitMQ.Headers.API", "Headers-BackgroundService\API\MateusViegas.Net.RabbitMQ.Headers.API.csproj", "{7CD2BDF0-12F2-4824-AC33-5D8F9D7923A4}"
EndProject
Project("{2150E333-8FDC-42A3-9474-1A3956D46DE8}") = "Basic", "Basic", "{43046910-C132-4E50-9962-8B8AA0BCDD77}"
EndProject
Project("{9A19103F-16F7-4668-BE54-9A1E7A4F7556}") = "RabbitMQDemo.Consumer", "Basic\RabbitMQDemo.Consumer\RabbitMQDemo.Consumer.csproj", "{0C74E477-1E46-47EC-B666-E7CD2BCDCEA6}"
EndProject
Project("{9A19103F-16F7-4668-BE54-9A1E7A4F7556}") = "RabbitMQDemo.Publisher", "Basic\RabbitMQDemo.Publisher\RabbitMQDemo.Publisher.csproj", "{C160C9AD-FB92-445E-AAE9-02871ACE14EE}"
EndProject
Project("{2150E333-8FDC-42A3-9474-1A3956D46DE8}") = "_Core", "_Core", "{BC7F8C9B-8F69-4AFF-9A8B-CFF512B96F67}"
EndProject
Project("{FAE04EC0-301F-11D3-BF4B-00C04F79EFBC}") = "MateusViegas.Net.RabbitMQ.Core", "Core\MateusViegas.Net.RabbitMQ.Core\MateusViegas.Net.RabbitMQ.Core.csproj", "{D51908F1-9683-4969-8AA7-52860E21E2C3}"
EndProject
Global
	GlobalSection(SolutionConfigurationPlatforms) = preSolution
		Debug|Any CPU = Debug|Any CPU
		Debug|x64 = Debug|x64
		Debug|x86 = Debug|x86
		Release|Any CPU = Release|Any CPU
		Release|x64 = Release|x64
		Release|x86 = Release|x86
	EndGlobalSection
	GlobalSection(ProjectConfigurationPlatforms) = postSolution
		{7CD2BDF0-12F2-4824-AC33-5D8F9D7923A4}.Debug|Any CPU.ActiveCfg = Debug|Any CPU
		{7CD2BDF0-12F2-4824-AC33-5D8F9D7923A4}.Debug|Any CPU.Build.0 = Debug|Any CPU
		{7CD2BDF0-12F2-4824-AC33-5D8F9D7923A4}.Debug|x64.ActiveCfg = Debug|Any CPU
		{7CD2BDF0-12F2-4824-AC33-5D8F9D7923A4}.Debug|x64.Build.0 = Debug|Any CPU
		{7CD2BDF0-12F2-4824-AC33-5D8F9D7923A4}.Debug|x86.ActiveCfg = Debug|Any CPU
		{7CD2BDF0-12F2-4824-AC33-5D8F9D7923A4}.Debug|x86.Build.0 = Debug|Any CPU
		{7CD2BDF0-12F2-4824-AC33-5D8F9D7923A4}.Release|Any CPU.ActiveCfg = Release|Any CPU
		{7CD2BDF0-12F2-4824-AC33-5D8F9D7923A4}.Release|Any CPU.Build.0 = Release|Any CPU
		{7CD2BDF0-12F2-4824-AC33-5D8F9D7923A4}.Release|x64.ActiveCfg = Release|Any CPU
		{7CD2BDF0-12F2-4824-AC33-5D8F9D7923A4}.Release|x64.Build.0 = Release|Any CPU
		{7CD2BDF0-12F2-4824-AC33-5D8F9D7923A4}.Release|x86.ActiveCfg = Release|Any CPU
		{7CD2BDF0-12F2-4824-AC33-5D8F9D7923A4}.Release|x86.Build.0 = Release|Any CPU
		{0C74E477-1E46-47EC-B666-E7CD2BCDCEA6}.Debug|Any CPU.ActiveCfg = Debug|Any CPU
		{0C74E477-1E46-47EC-B666-E7CD2BCDCEA6}.Debug|Any CPU.Build.0 = Debug|Any CPU
		{0C74E477-1E46-47EC-B666-E7CD2BCDCEA6}.Debug|x64.ActiveCfg = Debug|Any CPU
		{0C74E477-1E46-47EC-B666-E7CD2BCDCEA6}.Debug|x64.Build.0 = Debug|Any CPU
		{0C74E477-1E46-47EC-B666-E7CD2BCDCEA6}.Debug|x86.ActiveCfg = Debug|Any CPU
		{0C74E477-1E46-47EC-B666-E7CD2BCDCEA6}.Debug|x86.Build.0 = Debug|Any CPU
		{0C74E477-1E46-47EC-B666-E7CD2BCDCEA6}.Release|Any CPU.ActiveCfg = Release|Any CPU
		{0C74E477-1E46-47EC-B666-E7CD2BCDCEA6}.Release|Any CPU.Build.0 = Release|Any CPU
		{0C74E477-1E46-47EC-B666-E7CD2BCDCEA6}.Release|x64.ActiveCfg = Release|Any CPU
		{0C74E477-1E46-47EC-B666-E7CD2BCDCEA6}.Release|x64.Build.0 = Release|Any CPU
		{0C74E477-1E46-47EC-B666-E7CD2BCDCEA6}.Release|x86.ActiveCfg = Release|Any CPU
		{0C74E477-1E46-47EC-B666-E7CD2BCDCEA6}.Release|x86.Build.0 = Release|Any CPU
		{C160C9AD-FB92-445E-AAE9-02871ACE14EE}.Debug|Any CPU.ActiveCfg = Debug|Any CPU
		{C160C9AD-FB92-445E-AAE9-02871ACE14EE}.Debug|Any CPU.Build.0 = Debug|Any CPU
		{C160C9AD-FB92-445E-AAE9-02871ACE14EE}.Debug|x64.ActiveCfg = Debug|Any CPU
		{C160C9AD-FB92-445E-AAE9-02871ACE14EE}.Debug|x64.Build.0 = Debug|Any CPU
		{C160C9AD-FB92-445E-AAE9-02871ACE14EE}.Debug|x86.ActiveCfg = Debug|Any CPU
		{C160C9AD-FB92-445E-AAE9-02871ACE14EE}.Debug|x86.Build.0 = Debug|Any CPU
		{C160C9AD-FB92-445E-AAE9-02871ACE14EE}.Release|Any CPU.ActiveCfg = Release|Any CPU
		{C160C9AD-FB92-445E-AAE9-02871ACE14EE}.Release|Any CPU.Build.0 = Release|Any CPU
		{C160C9AD-FB92-445E-AAE9-02871ACE14EE}.Release|x64.ActiveCfg = Release|Any CPU
		{C160C9AD-FB92-445E-AAE9-02871ACE14EE}.Release|x64.Build.0 = Release|Any CPU
		{C160C9AD-FB92-445E-AAE9-02871ACE14EE}.Release|x86.ActiveCfg = Release|Any CPU
		{C160C9AD-FB92-445E-AAE9-02871ACE14EE}.Release|x86.Build.0 = Release|Any CPU
		{D51908F1-9683-4969-8AA7-52860E21E2C3}.Debug|Any CPU.ActiveCfg = Debug|Any CPU
		{D51908F1-9683-4969-8AA7-52860E21E2C3}.Debug|Any CPU.Build.0 = Debug|Any CPU
		{D51908F1-9683-4969-8AA7-52860E21E2C3}.Debug|x64.ActiveCfg = Debug|Any CPU
		{D51908F1-9683-4969-8AA7-52860E21E2C3}.Debug|x64.Build.0 = Debug|Any CPU
		{D51908F1-9683-4969-8AA7-52860E21E2C3}.Debug|x86.ActiveCfg = Debug|Any CPU
		{D51908F1-9683-4969-8AA7-52860E21E2C3}.Debug|x86.Build.0 = Debug|Any CPU
		{D51908F1-9683-4969-8AA7-52860E21E2C3}.Release|Any CPU.ActiveCfg = Release|Any CPU
		{D51908F1-9683-4969-8AA7-52860E21E2C3}.Release|Any CPU.Build.0 = Release|Any CPU
		{D51908F1-9683-4969-8AA7-52860E21E2C3}.Release|x64.ActiveCfg = Release|Any CPU
		{D51908F1-9683-4969-8AA7-52860E21E2C3}.Release|x64.Build.0 = Release|Any CPU
		{D51908F1-9683-4969-8AA7-52860E21E2C3}.Release|x86.ActiveCfg = Release|Any CPU
		{D51908F1-9683-4969-8AA7-52860E21E2C3}.Release|x86.Build.0 = Release|Any CPU
	EndGlobalSection
	GlobalSection(SolutionProperties) = preSolution
		HideSolutionNode = FALSE
	EndGlobalSection
	GlobalSection(NestedProjects) = preSolution
		{7CD2BDF0-12F2-4824-AC33-5D8F9D7923A4} = {A2A93708-45C6-42FE-B875-C5E5554DCE30}
		{0C74E477-1E46-47EC-B666-E7CD2BCDCEA6} = {43046910-C132-4E50-9962-8B8AA0BCDD77}
		{C160C9AD-FB92-445E-AAE9-02871ACE14EE} = {43046910-C132-4E50-9962-8B8AA0BCDD77}
		{D51908F1-9683-4969-8AA7-52860E21E2C3} = {BC7F8C9B-8F69-4AFF-9A8B-CFF512B96F67}
	EndGlobalSection
	GlobalSection(ExtensibilityGlobals) = postSolution
		SolutionGuid = {8B3B9082-02E3-490C-A625-05D55129FF20}
	EndGlobalSection
EndGlobal
